{
    "_meta": {
        "hash": {
            "sha256": "3549670e04e1bce66939985bc5e0caf4701ac1ba83d4c4815afff68bcf23f3d1"
        },
        "pipfile-spec": 6,
        "requires": {
            "python_version": "3.8"
        },
        "sources": [
            {
                "name": "pypi",
                "url": "https://pypi.python.org/simple",
                "verify_ssl": true
            }
        ]
    },
    "default": {
        "waitress": {
            "hashes": [
                "sha256:1bb436508a7487ac6cb097ae7a7fe5413aefca610550baf58f0940e51ecfb261",
                "sha256:3d633e78149eb83b60a07dfabb35579c29aac2d24bb803c18b26fb2ab1a584db"
            ],
            "index": "pypi",
            "version": "==1.4.4"
        }
    },
    "develop": {}
}
